<?xml version="1.0" encoding="utf-8"?>
<Project ToolsVersion="4.0" xmlns="http://schemas.microsoft.com/developer/msbuild/2003">
  <ItemGroup>
    <Filter Include="Source Files">
      <UniqueIdentifier>{4FC737F1-C7A5-4376-A066-2A32D752A2FF}</UniqueIdentifier>
      <Extensions>cpp;c;cc;cxx;c++;cppm;ixx;def;odl;idl;hpj;bat;asm;asmx</Extensions>
    </Filter>
    <Filter Include="Header Files">
      <UniqueIdentifier>{93995380-89BD-4b04-88EB-625FBE52EBFB}</UniqueIdentifier>
      <Extensions>h;hh;hpp;hxx;h++;hm;inl;inc;ipp;xsd</Extensions>
    </Filter>
    <Filter Include="Resource Files">
      <UniqueIdentifier>{67DA6AB6-F800-4c08-8B7A-83BB121AAD01}</UniqueIdentifier>
      <Extensions>rc;ico;cur;bmp;dlg;rc2;rct;bin;rgs;gif;jpg;jpeg;jpe;resx;tiff;tif;png;wav;mfcribbon-ms</Extensions>
    </Filter>
    <Filter Include="Resource Files\Shaders">
      <UniqueIdentifier>{993bf646-df9a-49b6-934d-0624d58b84bc}</UniqueIdentifier>
    </Filter>
    <Filter Include="Resource Files\Textures">
      <UniqueIdentifier>{4543e7a1-3154-4267-ba62-594677786628}</UniqueIdentifier>
    </Filter>
    <Filter Include="Header Files\Game">
      <UniqueIdentifier>{6127ef7d-f23b-4b7a-87fe-92a09b2e5ae5}</UniqueIdentifier>
    </Filter>
    <Filter Include="Header Files\Logic">
      <UniqueIdentifier>{9f1aa1ab-34da-4aa8-b9ae-c6b004a795e3}</UniqueIdentifier>
    </Filter>
    <Filter Include="Header Files\Actors">
      <UniqueIdentifier>{81153fe9-851a-439d-bc8a-8315da63179b}</UniqueIdentifier>
    </Filter>
    <Filter Include="Source Files\Game">
      <UniqueIdentifier>{326b08c3-eebb-4c70-b5b3-cf9c8a756b36}</UniqueIdentifier>
    </Filter>
    <Filter Include="Source Files\Logic">
      <UniqueIdentifier>{c26173aa-9aab-4af1-a23f-953b5b46f883}</UniqueIdentifier>
    </Filter>
    <Filter Include="Source Files\Actors">
      <UniqueIdentifier>{6e197a15-a1a3-4cda-a878-5d4fce1570c4}</UniqueIdentifier>
    </Filter>
  </ItemGroup>
  <ItemGroup>
    <ClCompile Include="src\Asteroids.cpp">
      <Filter>Source Files\Game</Filter>
    </ClCompile>
    <ClCompile Include="src\Source.cpp">
      <Filter>Source Files\Game</Filter>
    </ClCompile>
    <ClCompile Include="src\Element.cpp">
      <Filter>Source Files\Logic</Filter>
    </ClCompile>
    <ClCompile Include="src\Engine.cpp">
      <Filter>Source Files\Logic</Filter>
    </ClCompile>
    <ClCompile Include="src\Window.cpp">
      <Filter>Source Files\Game</Filter>
    </ClCompile>
    <ClCompile Include="src\Player.cpp">
      <Filter>Source Files\Actors</Filter>
    </ClCompile>
    <ClCompile Include="src\Entity.cpp">
      <Filter>Source Files\Actors</Filter>
    </ClCompile>
  </ItemGroup>
  <ItemGroup>
    <ClInclude Include="include\Asteroids.h">
      <Filter>Header Files\Game</Filter>
    </ClInclude>
    <ClInclude Include="include\Settings.h">
      <Filter>Header Files\Game</Filter>
    </ClInclude>
    <ClInclude Include="include\Engine.h">
      <Filter>Header Files\Logic</Filter>
    </ClInclude>
    <ClInclude Include="include\Entity.h">
      <Filter>Header Files\Actors</Filter>
    </ClInclude>
    <ClInclude Include="include\Player.h">
      <Filter>Header Files\Actors</Filter>
    </ClInclude>
    <ClInclude Include="include\Window.h">
      <Filter>Header Files\Game</Filter>
    </ClInclude>
    <ClInclude Include="include\Element.h">
      <Filter>Header Files\Logic</Filter>
    </ClInclude>
  </ItemGroup>
  <ItemGroup>
    <Image Include="resources\textures\as_vec_projectile.png">
      <Filter>Resource Files\Textures</Filter>
    </Image>
    <Image Include="resources\textures\as_vec_player.png">
      <Filter>Resource Files\Textures</Filter>
    </Image>
  </ItemGroup>
  <ItemGroup>
    <None Include="resources\shaders\old_school.frag">
      <Filter>Resource Files\Shaders</Filter>
    </None>
  </ItemGroup>
</Project>